
Microsoft Visual Studio Solution File, Format Version 12.00
# Visual Studio Version 17
VisualStudioVersion = 17.1.32228.430
MinimumVisualStudioVersion = 10.0.40219.1
Project("{FAE04EC0-301F-11D3-BF4B-00C04F79EFBC}") = "Blogpessoal", "Blogpessoal\Blogpessoal.csproj", "{2B5FAC96-DC11-4074-AEA2-5EA1B3BBE98D}"
EndProject
Project("{FAE04EC0-301F-11D3-BF4B-00C04F79EFBC}") = "BlogPessoalTeste", "Blogpessoal\BlogPessoalTeste\BlogPessoalTeste.csproj", "{CF89B299-76A1-4694-B22E-281759998EAB}"
EndProject
Global
	GlobalSection(SolutionConfigurationPlatforms) = preSolution
		Debug|Any CPU = Debug|Any CPU
		Release|Any CPU = Release|Any CPU
	EndGlobalSection
	GlobalSection(ProjectConfigurationPlatforms) = postSolution
		{2B5FAC96-DC11-4074-AEA2-5EA1B3BBE98D}.Debug|Any CPU.ActiveCfg = Debug|Any CPU
		{2B5FAC96-DC11-4074-AEA2-5EA1B3BBE98D}.Debug|Any CPU.Build.0 = Debug|Any CPU
		{2B5FAC96-DC11-4074-AEA2-5EA1B3BBE98D}.Release|Any CPU.ActiveCfg = Release|Any CPU
		{2B5FAC96-DC11-4074-AEA2-5EA1B3BBE98D}.Release|Any CPU.Build.0 = Release|Any CPU
		{CF89B299-76A1-4694-B22E-281759998EAB}.Debug|Any CPU.ActiveCfg = Debug|Any CPU
		{CF89B299-76A1-4694-B22E-281759998EAB}.Debug|Any CPU.Build.0 = Debug|Any CPU
		{CF89B299-76A1-4694-B22E-281759998EAB}.Release|Any CPU.ActiveCfg = Release|Any CPU
		{CF89B299-76A1-4694-B22E-281759998EAB}.Release|Any CPU.Build.0 = Release|Any CPU
	EndGlobalSection
	GlobalSection(SolutionProperties) = preSolution
		HideSolutionNode = FALSE
	EndGlobalSection
	GlobalSection(ExtensibilityGlobals) = postSolution
		SolutionGuid = {3A3C8963-8645-4AA1-A0D4-45845C65DAA9}
	EndGlobalSection
EndGlobal
